
Microsoft Visual Studio Solution File, Format Version 11.00
# Visual Studio 2010
Project("{FAE04EC0-301F-11D3-BF4B-00C04F79EFBC}") = "AriesSDK", "AriesSDK\AriesSDK.csproj", "{40D5B4C7-0223-45D3-B6F0-57F367EB8E1B}"
EndProject
Global
	GlobalSection(SolutionConfigurationPlatforms) = preSolution
		Debug|x86 = Debug|x86
		Release|x86 = Release|x86
	EndGlobalSection
	GlobalSection(ProjectConfigurationPlatforms) = postSolution
		{40D5B4C7-0223-45D3-B6F0-57F367EB8E1B}.Debug|x86.ActiveCfg = Debug|x86
		{40D5B4C7-0223-45D3-B6F0-57F367EB8E1B}.Debug|x86.Build.0 = Debug|x86
		{40D5B4C7-0223-45D3-B6F0-57F367EB8E1B}.Release|x86.ActiveCfg = Release|x86
		{40D5B4C7-0223-45D3-B6F0-57F367EB8E1B}.Release|x86.Build.0 = Release|x86
	EndGlobalSection
	GlobalSection(SolutionProperties) = preSolution
		HideSolutionNode = FALSE
	EndGlobalSection
EndGlobal
